Microsoft Visual Studio Solution File, Format Version 12.00
# Visual Studio Version 16
VisualStudioVersion = 16.0.30711.63
MinimumVisualStudioVersion = 10.0.40219.1
Project("{9A19103F-16F7-4668-BE54-9A1E7A4F7556}") = "TechJobsOO", "TechJobsOO\TechJobsOO.csproj", "{C76D48E1-4C5C-4DB4-89A2-DBACCF4CBE4F}"
EndProject
Project("{9A19103F-16F7-4668-BE54-9A1E7A4F7556}") = "TechJobsTest", "TechJobsTest\TechJobsTest.csproj", "{6FA6A78E-78C0-4D4A-A295-4A74A77B2905}"
EndProject
Global
	GlobalSection(SolutionConfigurationPlatforms) = preSolution
		Debug|Any CPU = Debug|Any CPU
		Release|Any CPU = Release|Any CPU
	EndGlobalSection
	GlobalSection(ProjectConfigurationPlatforms) = postSolution
		{C76D48E1-4C5C-4DB4-89A2-DBACCF4CBE4F}.Debug|Any CPU.ActiveCfg = Debug|Any CPU
		{C76D48E1-4C5C-4DB4-89A2-DBACCF4CBE4F}.Debug|Any CPU.Build.0 = Debug|Any CPU
		{C76D48E1-4C5C-4DB4-89A2-DBACCF4CBE4F}.Release|Any CPU.ActiveCfg = Release|Any CPU
		{C76D48E1-4C5C-4DB4-89A2-DBACCF4CBE4F}.Release|Any CPU.Build.0 = Release|Any CPU
		{6FA6A78E-78C0-4D4A-A295-4A74A77B2905}.Debug|Any CPU.ActiveCfg = Debug|Any CPU
		{6FA6A78E-78C0-4D4A-A295-4A74A77B2905}.Debug|Any CPU.Build.0 = Debug|Any CPU
		{6FA6A78E-78C0-4D4A-A295-4A74A77B2905}.Release|Any CPU.ActiveCfg = Release|Any CPU
		{6FA6A78E-78C0-4D4A-A295-4A74A77B2905}.Release|Any CPU.Build.0 = Release|Any CPU
	EndGlobalSection
	GlobalSection(SolutionProperties) = preSolution
		HideSolutionNode = FALSE
	EndGlobalSection
	GlobalSection(ExtensibilityGlobals) = postSolution
		SolutionGuid = {B984C654-A311-45CD-9767-42FF52F3EC31}
	EndGlobalSection
EndGlobal
